
Microsoft Visual Studio Solution File, Format Version 12.00
# Visual Studio Version 16
VisualStudioVersion = 16.0.31321.278
MinimumVisualStudioVersion = 10.0.40219.1
Project("{FAE04EC0-301F-11D3-BF4B-00C04F79EFBC}") = "MyProject", "MyProject\MyProject.csproj", "{46D91A05-2D75-47CC-9B01-CBCEF095D355}"
EndProject
Project("{FAE04EC0-301F-11D3-BF4B-00C04F79EFBC}") = "StopwatchWPF", "StopwatchWPF\StopwatchWPF.csproj", "{ADFBD149-6829-4DAE-A6AD-295BCFBA652C}"
EndProject
Global
	GlobalSection(SolutionConfigurationPlatforms) = preSolution
		Debug|Any CPU = Debug|Any CPU
		Release|Any CPU = Release|Any CPU
	EndGlobalSection
	GlobalSection(ProjectConfigurationPlatforms) = postSolution
		{46D91A05-2D75-47CC-9B01-CBCEF095D355}.Debug|Any CPU.ActiveCfg = Debug|Any CPU
		{46D91A05-2D75-47CC-9B01-CBCEF095D355}.Debug|Any CPU.Build.0 = Debug|Any CPU
		{46D91A05-2D75-47CC-9B01-CBCEF095D355}.Release|Any CPU.ActiveCfg = Release|Any CPU
		{46D91A05-2D75-47CC-9B01-CBCEF095D355}.Release|Any CPU.Build.0 = Release|Any CPU
		{ADFBD149-6829-4DAE-A6AD-295BCFBA652C}.Debug|Any CPU.ActiveCfg = Debug|Any CPU
		{ADFBD149-6829-4DAE-A6AD-295BCFBA652C}.Debug|Any CPU.Build.0 = Debug|Any CPU
		{ADFBD149-6829-4DAE-A6AD-295BCFBA652C}.Release|Any CPU.ActiveCfg = Release|Any CPU
		{ADFBD149-6829-4DAE-A6AD-295BCFBA652C}.Release|Any CPU.Build.0 = Release|Any CPU
	EndGlobalSection
	GlobalSection(SolutionProperties) = preSolution
		HideSolutionNode = FALSE
	EndGlobalSection
	GlobalSection(ExtensibilityGlobals) = postSolution
		SolutionGuid = {2FF64310-BAEA-4C19-8DE2-A5DCB1497932}
	EndGlobalSection
EndGlobal
